
Microsoft Visual Studio Solution File, Format Version 12.00
# Visual Studio Version 16
VisualStudioVersion = 16.0.30611.23
MinimumVisualStudioVersion = 10.0.40219.1
Project("{FAE04EC0-301F-11D3-BF4B-00C04F79EFBC}") = "AppTestMetodoEvento(Calculadora)", "AppTestMetodoEvento(Calculadora)\AppTestMetodoEvento(Calculadora).csproj", "{057009A3-9590-4EB9-9242-FC2BD65D78E2}"
EndProject
Global
	GlobalSection(SolutionConfigurationPlatforms) = preSolution
		Debug|Any CPU = Debug|Any CPU
		Release|Any CPU = Release|Any CPU
	EndGlobalSection
	GlobalSection(ProjectConfigurationPlatforms) = postSolution
		{057009A3-9590-4EB9-9242-FC2BD65D78E2}.Debug|Any CPU.ActiveCfg = Debug|Any CPU
		{057009A3-9590-4EB9-9242-FC2BD65D78E2}.Debug|Any CPU.Build.0 = Debug|Any CPU
		{057009A3-9590-4EB9-9242-FC2BD65D78E2}.Release|Any CPU.ActiveCfg = Release|Any CPU
		{057009A3-9590-4EB9-9242-FC2BD65D78E2}.Release|Any CPU.Build.0 = Release|Any CPU
	EndGlobalSection
	GlobalSection(SolutionProperties) = preSolution
		HideSolutionNode = FALSE
	EndGlobalSection
	GlobalSection(ExtensibilityGlobals) = postSolution
		SolutionGuid = {529978EF-2634-4CEF-BC05-E18256E47E8B}
	EndGlobalSection
EndGlobal
